PODS:
  - Masonry (1.1.0)
  - MBProgressHUD (1.1.0)

DEPENDENCIES:
  - Masonry
  - MBProgressHUD

SPEC REPOS:
  https://github.com/CocoaPods/Specs.git:
    - Masonry
    - MBProgressHUD

SPEC CHECKSUMS:
  Masonry: 678fab65091a9290e40e2832a55e7ab731aad201
  MBProgressHUD: e7baa36a220447d8aeb12769bf0585582f3866d9

PODFILE CHECKSUM: edb6899d20e90576af03472d20db17d537078554

COCOAPODS: 1.5.0
